
Microsoft Visual Studio Solution File, Format Version 12.00
# Visual Studio Version 17
VisualStudioVersion = 17.5.33516.290
MinimumVisualStudioVersion = 10.0.40219.1
Project("{FAE04EC0-301F-11D3-BF4B-00C04F79EFBC}") = "WorkflowTest", "WorkflowTest\WorkflowTest.csproj", "{B0E2B65B-21B9-4068-B118-8A4A22828B22}"
EndProject
Project("{FAE04EC0-301F-11D3-BF4B-00C04F79EFBC}") = "NumberGuessWorkflowActivities", "NumberGuessWorkflowActivities\NumberGuessWorkflowActivities.csproj", "{7D7635B3-0CDC-4C14-8225-E54FAA8491C0}"
EndProject
Project("{FAE04EC0-301F-11D3-BF4B-00C04F79EFBC}") = "VSIXProject", "VSIXProject\VSIXProject.csproj", "{B1644FAC-2D0E-47DB-991A-F4FC522237ED}"
EndProject
Project("{FAE04EC0-301F-11D3-BF4B-00C04F79EFBC}") = "CodeInvoker", "CodeInvoker\CodeInvoker.csproj", "{EECE5698-F7EB-4BA8-BCCE-4E967DEE4782}"
EndProject
Project("{FAE04EC0-301F-11D3-BF4B-00C04F79EFBC}") = "DelayActivityTemplate", "DelayActivityTemplate\DelayActivityTemplate.csproj", "{52CA34EA-8CAE-482D-BDBB-6866B1F93CF5}"
EndProject
Project("{FAE04EC0-301F-11D3-BF4B-00C04F79EFBC}") = "DelayActivityTemplate2", "DelayActivityTemplate2\DelayActivityTemplate2.csproj", "{2A3C98A5-6063-46DD-A5BB-308884F9E361}"
EndProject
Project("{FAE04EC0-301F-11D3-BF4B-00C04F79EFBC}") = "FirstToolWin", "FirstToolWin\FirstToolWin.csproj", "{E400CCAB-5878-41BF-AD0D-FDC7F945B6CB}"
EndProject
Project("{FAE04EC0-301F-11D3-BF4B-00C04F79EFBC}") = "VSIXProject1", "VSIXProject1\VSIXProject1.csproj", "{94241D7A-6423-42A0-8A65-982147CA5217}"
EndProject
Project("{FAE04EC0-301F-11D3-BF4B-00C04F79EFBC}") = "VSIXProject2", "VSIXProject2\VSIXProject2.csproj", "{ED5E24BA-A3AF-4A6B-A54E-681BFF37C05B}"
EndProject
Project("{FAE04EC0-301F-11D3-BF4B-00C04F79EFBC}") = "FirstMenuCommand", "FirstMenuCommand\FirstMenuCommand.csproj", "{AF8A3634-597C-4542-A369-815861907F1B}"
EndProject
Project("{FAE04EC0-301F-11D3-BF4B-00C04F79EFBC}") = "TopLevelMenu", "TopLevelMenu\TopLevelMenu.csproj", "{3CDA3436-BA6C-4BE1-8045-F5C8D35CB0C3}"
EndProject
Project("{FAE04EC0-301F-11D3-BF4B-00C04F79EFBC}") = "WelcomeCommandPackage", "WelcomeCommandPackage\WelcomeCommandPackage.csproj", "{807118C5-8B64-4B2E-BF3C-B6EAD9DB9D60}"
EndProject
Project("{FAE04EC0-301F-11D3-BF4B-00C04F79EFBC}") = "VSIXProject3", "VSIXProject3\VSIXProject3.csproj", "{4B22BBEC-A971-4639-B33A-87AF2B6151F5}"
EndProject
Global
	GlobalSection(SolutionConfigurationPlatforms) = preSolution
		Debug|Any CPU = Debug|Any CPU
		Debug|arm64 = Debug|arm64
		Debug|x86 = Debug|x86
		Release|Any CPU = Release|Any CPU
		Release|arm64 = Release|arm64
		Release|x86 = Release|x86
	EndGlobalSection
	GlobalSection(ProjectConfigurationPlatforms) = postSolution
		{B0E2B65B-21B9-4068-B118-8A4A22828B22}.Debug|Any CPU.ActiveCfg = Debug|x86
		{B0E2B65B-21B9-4068-B118-8A4A22828B22}.Debug|Any CPU.Build.0 = Debug|x86
		{B0E2B65B-21B9-4068-B118-8A4A22828B22}.Debug|arm64.ActiveCfg = Debug|x86
		{B0E2B65B-21B9-4068-B118-8A4A22828B22}.Debug|arm64.Build.0 = Debug|x86
		{B0E2B65B-21B9-4068-B118-8A4A22828B22}.Debug|x86.ActiveCfg = Debug|x86
		{B0E2B65B-21B9-4068-B118-8A4A22828B22}.Debug|x86.Build.0 = Debug|x86
		{B0E2B65B-21B9-4068-B118-8A4A22828B22}.Release|Any CPU.ActiveCfg = Release|x86
		{B0E2B65B-21B9-4068-B118-8A4A22828B22}.Release|Any CPU.Build.0 = Release|x86
		{B0E2B65B-21B9-4068-B118-8A4A22828B22}.Release|arm64.ActiveCfg = Release|x86
		{B0E2B65B-21B9-4068-B118-8A4A22828B22}.Release|arm64.Build.0 = Release|x86
		{B0E2B65B-21B9-4068-B118-8A4A22828B22}.Release|x86.ActiveCfg = Release|x86
		{B0E2B65B-21B9-4068-B118-8A4A22828B22}.Release|x86.Build.0 = Release|x86
		{7D7635B3-0CDC-4C14-8225-E54FAA8491C0}.Debug|Any CPU.ActiveCfg = Debug|Any CPU
		{7D7635B3-0CDC-4C14-8225-E54FAA8491C0}.Debug|Any CPU.Build.0 = Debug|Any CPU
		{7D7635B3-0CDC-4C14-8225-E54FAA8491C0}.Debug|arm64.ActiveCfg = Debug|Any CPU
		{7D7635B3-0CDC-4C14-8225-E54FAA8491C0}.Debug|arm64.Build.0 = Debug|Any CPU
		{7D7635B3-0CDC-4C14-8225-E54FAA8491C0}.Debug|x86.ActiveCfg = Debug|Any CPU
		{7D7635B3-0CDC-4C14-8225-E54FAA8491C0}.Debug|x86.Build.0 = Debug|Any CPU
		{7D7635B3-0CDC-4C14-8225-E54FAA8491C0}.Release|Any CPU.ActiveCfg = Release|Any CPU
		{7D7635B3-0CDC-4C14-8225-E54FAA8491C0}.Release|Any CPU.Build.0 = Release|Any CPU
		{7D7635B3-0CDC-4C14-8225-E54FAA8491C0}.Release|arm64.ActiveCfg = Release|Any CPU
		{7D7635B3-0CDC-4C14-8225-E54FAA8491C0}.Release|arm64.Build.0 = Release|Any CPU
		{7D7635B3-0CDC-4C14-8225-E54FAA8491C0}.Release|x86.ActiveCfg = Release|Any CPU
		{7D7635B3-0CDC-4C14-8225-E54FAA8491C0}.Release|x86.Build.0 = Release|Any CPU
		{B1644FAC-2D0E-47DB-991A-F4FC522237ED}.Debug|Any CPU.ActiveCfg = Debug|Any CPU
		{B1644FAC-2D0E-47DB-991A-F4FC522237ED}.Debug|Any CPU.Build.0 = Debug|Any CPU
		{B1644FAC-2D0E-47DB-991A-F4FC522237ED}.Debug|arm64.ActiveCfg = Debug|arm64
		{B1644FAC-2D0E-47DB-991A-F4FC522237ED}.Debug|arm64.Build.0 = Debug|arm64
		{B1644FAC-2D0E-47DB-991A-F4FC522237ED}.Debug|x86.ActiveCfg = Debug|x86
		{B1644FAC-2D0E-47DB-991A-F4FC522237ED}.Debug|x86.Build.0 = Debug|x86
		{B1644FAC-2D0E-47DB-991A-F4FC522237ED}.Release|Any CPU.ActiveCfg = Release|Any CPU
		{B1644FAC-2D0E-47DB-991A-F4FC522237ED}.Release|Any CPU.Build.0 = Release|Any CPU
		{B1644FAC-2D0E-47DB-991A-F4FC522237ED}.Release|arm64.ActiveCfg = Release|arm64
		{B1644FAC-2D0E-47DB-991A-F4FC522237ED}.Release|arm64.Build.0 = Release|arm64
		{B1644FAC-2D0E-47DB-991A-F4FC522237ED}.Release|x86.ActiveCfg = Release|x86
		{B1644FAC-2D0E-47DB-991A-F4FC522237ED}.Release|x86.Build.0 = Release|x86
		{EECE5698-F7EB-4BA8-BCCE-4E967DEE4782}.Debug|Any CPU.ActiveCfg = Debug|Any CPU
		{EECE5698-F7EB-4BA8-BCCE-4E967DEE4782}.Debug|Any CPU.Build.0 = Debug|Any CPU
		{EECE5698-F7EB-4BA8-BCCE-4E967DEE4782}.Debug|arm64.ActiveCfg = Debug|Any CPU
		{EECE5698-F7EB-4BA8-BCCE-4E967DEE4782}.Debug|arm64.Build.0 = Debug|Any CPU
		{EECE5698-F7EB-4BA8-BCCE-4E967DEE4782}.Debug|x86.ActiveCfg = Debug|Any CPU
		{EECE5698-F7EB-4BA8-BCCE-4E967DEE4782}.Debug|x86.Build.0 = Debug|Any CPU
		{EECE5698-F7EB-4BA8-BCCE-4E967DEE4782}.Release|Any CPU.ActiveCfg = Release|Any CPU
		{EECE5698-F7EB-4BA8-BCCE-4E967DEE4782}.Release|Any CPU.Build.0 = Release|Any CPU
		{EECE5698-F7EB-4BA8-BCCE-4E967DEE4782}.Release|arm64.ActiveCfg = Release|Any CPU
		{EECE5698-F7EB-4BA8-BCCE-4E967DEE4782}.Release|arm64.Build.0 = Release|Any CPU
		{EECE5698-F7EB-4BA8-BCCE-4E967DEE4782}.Release|x86.ActiveCfg = Release|Any CPU
		{EECE5698-F7EB-4BA8-BCCE-4E967DEE4782}.Release|x86.Build.0 = Release|Any CPU
		{52CA34EA-8CAE-482D-BDBB-6866B1F93CF5}.Debug|Any CPU.ActiveCfg = Debug|Any CPU
		{52CA34EA-8CAE-482D-BDBB-6866B1F93CF5}.Debug|Any CPU.Build.0 = Debug|Any CPU
		{52CA34EA-8CAE-482D-BDBB-6866B1F93CF5}.Debug|arm64.ActiveCfg = Debug|Any CPU
		{52CA34EA-8CAE-482D-BDBB-6866B1F93CF5}.Debug|arm64.Build.0 = Debug|Any CPU
		{52CA34EA-8CAE-482D-BDBB-6866B1F93CF5}.Debug|x86.ActiveCfg = Debug|Any CPU
		{52CA34EA-8CAE-482D-BDBB-6866B1F93CF5}.Debug|x86.Build.0 = Debug|Any CPU
		{52CA34EA-8CAE-482D-BDBB-6866B1F93CF5}.Release|Any CPU.ActiveCfg = Release|Any CPU
		{52CA34EA-8CAE-482D-BDBB-6866B1F93CF5}.Release|Any CPU.Build.0 = Release|Any CPU
		{52CA34EA-8CAE-482D-BDBB-6866B1F93CF5}.Release|arm64.ActiveCfg = Release|Any CPU
		{52CA34EA-8CAE-482D-BDBB-6866B1F93CF5}.Release|arm64.Build.0 = Release|Any CPU
		{52CA34EA-8CAE-482D-BDBB-6866B1F93CF5}.Release|x86.ActiveCfg = Release|Any CPU
		{52CA34EA-8CAE-482D-BDBB-6866B1F93CF5}.Release|x86.Build.0 = Release|Any CPU
		{2A3C98A5-6063-46DD-A5BB-308884F9E361}.Debug|Any CPU.ActiveCfg = Debug|Any CPU
		{2A3C98A5-6063-46DD-A5BB-308884F9E361}.Debug|Any CPU.Build.0 = Debug|Any CPU
		{2A3C98A5-6063-46DD-A5BB-308884F9E361}.Debug|arm64.ActiveCfg = Debug|Any CPU
		{2A3C98A5-6063-46DD-A5BB-308884F9E361}.Debug|arm64.Build.0 = Debug|Any CPU
		{2A3C98A5-6063-46DD-A5BB-308884F9E361}.Debug|x86.ActiveCfg = Debug|Any CPU
		{2A3C98A5-6063-46DD-A5BB-308884F9E361}.Debug|x86.Build.0 = Debug|Any CPU
		{2A3C98A5-6063-46DD-A5BB-308884F9E361}.Release|Any CPU.ActiveCfg = Release|Any CPU
		{2A3C98A5-6063-46DD-A5BB-308884F9E361}.Release|Any CPU.Build.0 = Release|Any CPU
		{2A3C98A5-6063-46DD-A5BB-308884F9E361}.Release|arm64.ActiveCfg = Release|Any CPU
		{2A3C98A5-6063-46DD-A5BB-308884F9E361}.Release|arm64.Build.0 = Release|Any CPU
		{2A3C98A5-6063-46DD-A5BB-308884F9E361}.Release|x86.ActiveCfg = Release|Any CPU
		{2A3C98A5-6063-46DD-A5BB-308884F9E361}.Release|x86.Build.0 = Release|Any CPU
		{E400CCAB-5878-41BF-AD0D-FDC7F945B6CB}.Debug|Any CPU.ActiveCfg = Debug|Any CPU
		{E400CCAB-5878-41BF-AD0D-FDC7F945B6CB}.Debug|Any CPU.Build.0 = Debug|Any CPU
		{E400CCAB-5878-41BF-AD0D-FDC7F945B6CB}.Debug|arm64.ActiveCfg = Debug|arm64
		{E400CCAB-5878-41BF-AD0D-FDC7F945B6CB}.Debug|arm64.Build.0 = Debug|arm64
		{E400CCAB-5878-41BF-AD0D-FDC7F945B6CB}.Debug|x86.ActiveCfg = Debug|x86
		{E400CCAB-5878-41BF-AD0D-FDC7F945B6CB}.Debug|x86.Build.0 = Debug|x86
		{E400CCAB-5878-41BF-AD0D-FDC7F945B6CB}.Release|Any CPU.ActiveCfg = Release|Any CPU
		{E400CCAB-5878-41BF-AD0D-FDC7F945B6CB}.Release|Any CPU.Build.0 = Release|Any CPU
		{E400CCAB-5878-41BF-AD0D-FDC7F945B6CB}.Release|arm64.ActiveCfg = Release|arm64
		{E400CCAB-5878-41BF-AD0D-FDC7F945B6CB}.Release|arm64.Build.0 = Release|arm64
		{E400CCAB-5878-41BF-AD0D-FDC7F945B6CB}.Release|x86.ActiveCfg = Release|x86
		{E400CCAB-5878-41BF-AD0D-FDC7F945B6CB}.Release|x86.Build.0 = Release|x86
		{94241D7A-6423-42A0-8A65-982147CA5217}.Debug|Any CPU.ActiveCfg = Debug|Any CPU
		{94241D7A-6423-42A0-8A65-982147CA5217}.Debug|Any CPU.Build.0 = Debug|Any CPU
		{94241D7A-6423-42A0-8A65-982147CA5217}.Debug|arm64.ActiveCfg = Debug|arm64
		{94241D7A-6423-42A0-8A65-982147CA5217}.Debug|arm64.Build.0 = Debug|arm64
		{94241D7A-6423-42A0-8A65-982147CA5217}.Debug|x86.ActiveCfg = Debug|x86
		{94241D7A-6423-42A0-8A65-982147CA5217}.Debug|x86.Build.0 = Debug|x86
		{94241D7A-6423-42A0-8A65-982147CA5217}.Release|Any CPU.ActiveCfg = Release|Any CPU
		{94241D7A-6423-42A0-8A65-982147CA5217}.Release|Any CPU.Build.0 = Release|Any CPU
		{94241D7A-6423-42A0-8A65-982147CA5217}.Release|arm64.ActiveCfg = Release|arm64
		{94241D7A-6423-42A0-8A65-982147CA5217}.Release|arm64.Build.0 = Release|arm64
		{94241D7A-6423-42A0-8A65-982147CA5217}.Release|x86.ActiveCfg = Release|x86
		{94241D7A-6423-42A0-8A65-982147CA5217}.Release|x86.Build.0 = Release|x86
		{ED5E24BA-A3AF-4A6B-A54E-681BFF37C05B}.Debug|Any CPU.ActiveCfg = Debug|Any CPU
		{ED5E24BA-A3AF-4A6B-A54E-681BFF37C05B}.Debug|Any CPU.Build.0 = Debug|Any CPU
		{ED5E24BA-A3AF-4A6B-A54E-681BFF37C05B}.Debug|arm64.ActiveCfg = Debug|arm64
		{ED5E24BA-A3AF-4A6B-A54E-681BFF37C05B}.Debug|arm64.Build.0 = Debug|arm64
		{ED5E24BA-A3AF-4A6B-A54E-681BFF37C05B}.Debug|x86.ActiveCfg = Debug|x86
		{ED5E24BA-A3AF-4A6B-A54E-681BFF37C05B}.Debug|x86.Build.0 = Debug|x86
		{ED5E24BA-A3AF-4A6B-A54E-681BFF37C05B}.Release|Any CPU.ActiveCfg = Release|Any CPU
		{ED5E24BA-A3AF-4A6B-A54E-681BFF37C05B}.Release|Any CPU.Build.0 = Release|Any CPU
		{ED5E24BA-A3AF-4A6B-A54E-681BFF37C05B}.Release|arm64.ActiveCfg = Release|arm64
		{ED5E24BA-A3AF-4A6B-A54E-681BFF37C05B}.Release|arm64.Build.0 = Release|arm64
		{ED5E24BA-A3AF-4A6B-A54E-681BFF37C05B}.Release|x86.ActiveCfg = Release|x86
		{ED5E24BA-A3AF-4A6B-A54E-681BFF37C05B}.Release|x86.Build.0 = Release|x86
		{AF8A3634-597C-4542-A369-815861907F1B}.Debug|Any CPU.ActiveCfg = Debug|Any CPU
		{AF8A3634-597C-4542-A369-815861907F1B}.Debug|Any CPU.Build.0 = Debug|Any CPU
		{AF8A3634-597C-4542-A369-815861907F1B}.Debug|arm64.ActiveCfg = Debug|arm64
		{AF8A3634-597C-4542-A369-815861907F1B}.Debug|arm64.Build.0 = Debug|arm64
		{AF8A3634-597C-4542-A369-815861907F1B}.Debug|x86.ActiveCfg = Debug|x86
		{AF8A3634-597C-4542-A369-815861907F1B}.Debug|x86.Build.0 = Debug|x86
		{AF8A3634-597C-4542-A369-815861907F1B}.Release|Any CPU.ActiveCfg = Release|Any CPU
		{AF8A3634-597C-4542-A369-815861907F1B}.Release|Any CPU.Build.0 = Release|Any CPU
		{AF8A3634-597C-4542-A369-815861907F1B}.Release|arm64.ActiveCfg = Release|arm64
		{AF8A3634-597C-4542-A369-815861907F1B}.Release|arm64.Build.0 = Release|arm64
		{AF8A3634-597C-4542-A369-815861907F1B}.Release|x86.ActiveCfg = Release|x86
		{AF8A3634-597C-4542-A369-815861907F1B}.Release|x86.Build.0 = Release|x86
		{3CDA3436-BA6C-4BE1-8045-F5C8D35CB0C3}.Debug|Any CPU.ActiveCfg = Debug|Any CPU
		{3CDA3436-BA6C-4BE1-8045-F5C8D35CB0C3}.Debug|Any CPU.Build.0 = Debug|Any CPU
		{3CDA3436-BA6C-4BE1-8045-F5C8D35CB0C3}.Debug|arm64.ActiveCfg = Debug|arm64
		{3CDA3436-BA6C-4BE1-8045-F5C8D35CB0C3}.Debug|arm64.Build.0 = Debug|arm64
		{3CDA3436-BA6C-4BE1-8045-F5C8D35CB0C3}.Debug|x86.ActiveCfg = Debug|x86
		{3CDA3436-BA6C-4BE1-8045-F5C8D35CB0C3}.Debug|x86.Build.0 = Debug|x86
		{3CDA3436-BA6C-4BE1-8045-F5C8D35CB0C3}.Release|Any CPU.ActiveCfg = Release|Any CPU
		{3CDA3436-BA6C-4BE1-8045-F5C8D35CB0C3}.Release|Any CPU.Build.0 = Release|Any CPU
		{3CDA3436-BA6C-4BE1-8045-F5C8D35CB0C3}.Release|arm64.ActiveCfg = Release|arm64
		{3CDA3436-BA6C-4BE1-8045-F5C8D35CB0C3}.Release|arm64.Build.0 = Release|arm64
		{3CDA3436-BA6C-4BE1-8045-F5C8D35CB0C3}.Release|x86.ActiveCfg = Release|x86
		{3CDA3436-BA6C-4BE1-8045-F5C8D35CB0C3}.Release|x86.Build.0 = Release|x86
		{807118C5-8B64-4B2E-BF3C-B6EAD9DB9D60}.Debug|Any CPU.ActiveCfg = Debug|Any CPU
		{807118C5-8B64-4B2E-BF3C-B6EAD9DB9D60}.Debug|Any CPU.Build.0 = Debug|Any CPU
		{807118C5-8B64-4B2E-BF3C-B6EAD9DB9D60}.Debug|arm64.ActiveCfg = Debug|arm64
		{807118C5-8B64-4B2E-BF3C-B6EAD9DB9D60}.Debug|arm64.Build.0 = Debug|arm64
		{807118C5-8B64-4B2E-BF3C-B6EAD9DB9D60}.Debug|x86.ActiveCfg = Debug|x86
		{807118C5-8B64-4B2E-BF3C-B6EAD9DB9D60}.Debug|x86.Build.0 = Debug|x86
		{807118C5-8B64-4B2E-BF3C-B6EAD9DB9D60}.Release|Any CPU.ActiveCfg = Release|Any CPU
		{807118C5-8B64-4B2E-BF3C-B6EAD9DB9D60}.Release|Any CPU.Build.0 = Release|Any CPU
		{807118C5-8B64-4B2E-BF3C-B6EAD9DB9D60}.Release|arm64.ActiveCfg = Release|arm64
		{807118C5-8B64-4B2E-BF3C-B6EAD9DB9D60}.Release|arm64.Build.0 = Release|arm64
		{807118C5-8B64-4B2E-BF3C-B6EAD9DB9D60}.Release|x86.ActiveCfg = Release|x86
		{807118C5-8B64-4B2E-BF3C-B6EAD9DB9D60}.Release|x86.Build.0 = Release|x86
		{4B22BBEC-A971-4639-B33A-87AF2B6151F5}.Debug|Any CPU.ActiveCfg = Debug|Any CPU
		{4B22BBEC-A971-4639-B33A-87AF2B6151F5}.Debug|Any CPU.Build.0 = Debug|Any CPU
		{4B22BBEC-A971-4639-B33A-87AF2B6151F5}.Debug|arm64.ActiveCfg = Debug|arm64
		{4B22BBEC-A971-4639-B33A-87AF2B6151F5}.Debug|arm64.Build.0 = Debug|arm64
		{4B22BBEC-A971-4639-B33A-87AF2B6151F5}.Debug|x86.ActiveCfg = Debug|x86
		{4B22BBEC-A971-4639-B33A-87AF2B6151F5}.Debug|x86.Build.0 = Debug|x86
		{4B22BBEC-A971-4639-B33A-87AF2B6151F5}.Release|Any CPU.ActiveCfg = Release|Any CPU
		{4B22BBEC-A971-4639-B33A-87AF2B6151F5}.Release|Any CPU.Build.0 = Release|Any CPU
		{4B22BBEC-A971-4639-B33A-87AF2B6151F5}.Release|arm64.ActiveCfg = Release|arm64
		{4B22BBEC-A971-4639-B33A-87AF2B6151F5}.Release|arm64.Build.0 = Release|arm64
		{4B22BBEC-A971-4639-B33A-87AF2B6151F5}.Release|x86.ActiveCfg = Release|x86
		{4B22BBEC-A971-4639-B33A-87AF2B6151F5}.Release|x86.Build.0 = Release|x86
	EndGlobalSection
	GlobalSection(SolutionProperties) = preSolution
		HideSolutionNode = FALSE
	EndGlobalSection
	GlobalSection(ExtensibilityGlobals) = postSolution
		SolutionGuid = {4B150A6E-0F35-4B24-A648-C362FEA153CD}
	EndGlobalSection
EndGlobal
